{
  "version": "4",
  "specifiers": {
    "jsr:@std/cli@*": "1.0.15",
    "jsr:@std/fmt@*": "1.0.6",
    "jsr:@std/fmt@^1.0.6": "1.0.6",
    "jsr:@std/fs@*": "1.0.16",
    "jsr:@std/path@*": "1.0.8"
  },
  "jsr": {
    "@std/cli@1.0.15": {
      "integrity": "e79ba3272ec710ca44d8342a7688e6288b0b88802703f3264184b52893d5e93f"
    },
    "@std/fmt@1.0.6": {
      "integrity": "a2c56a69a2369876ddb3ad6a500bb6501b5bad47bb3ea16bfb0c18974d2661fc"
    },
    "@std/fs@1.0.16": {
      "integrity": "81878f62b6eeda0bf546197fc3daa5327c132fee1273f6113f940784a468b036"
    },
    "@std/path@1.0.8": {
      "integrity": "548fa456bb6a04d3c1a1e7477986b6cffbce95102d0bb447c67c4ee70e0364be"
    }
  },
  "workspace": {
    "dependencies": [
      "jsr:@std/fmt@^1.0.6"
    ]
  }
}
